
Microsoft Visual Studio Solution File, Format Version 12.00
# Visual Studio Version 16
VisualStudioVersion = 16.0.30907.101
MinimumVisualStudioVersion = 10.0.40219.1
Project("{FAE04EC0-301F-11D3-BF4B-00C04F79EFBC}") = "Delegate", "Delegate\Delegate.csproj", "{9C909E40-DD40-41C3-B4F2-0B88C232FEFD}"
EndProject
Global
	GlobalSection(SolutionConfigurationPlatforms) = preSolution
		Debug|Any CPU = Debug|Any CPU
		Release|Any CPU = Release|Any CPU
	EndGlobalSection
	GlobalSection(ProjectConfigurationPlatforms) = postSolution
		{9C909E40-DD40-41C3-B4F2-0B88C232FEFD}.Debug|Any CPU.ActiveCfg = Debug|Any CPU
		{9C909E40-DD40-41C3-B4F2-0B88C232FEFD}.Debug|Any CPU.Build.0 = Debug|Any CPU
		{9C909E40-DD40-41C3-B4F2-0B88C232FEFD}.Release|Any CPU.ActiveCfg = Release|Any CPU
		{9C909E40-DD40-41C3-B4F2-0B88C232FEFD}.Release|Any CPU.Build.0 = Release|Any CPU
	EndGlobalSection
	GlobalSection(SolutionProperties) = preSolution
		HideSolutionNode = FALSE
	EndGlobalSection
	GlobalSection(ExtensibilityGlobals) = postSolution
		SolutionGuid = {F357CAB2-9774-447E-AE6D-D9625B8C14FB}
	EndGlobalSection
EndGlobal
